
Microsoft Visual Studio Solution File, Format Version 12.00
# Visual Studio Version 17
VisualStudioVersion = 17.8.34330.188
MinimumVisualStudioVersion = 10.0.40219.1
Project("{9A19103F-16F7-4668-BE54-9A1E7A4F7556}") = "PaddySe.Recipes.Web", "PaddySe.Recipes.Web\PaddySe.Recipes.Web.csproj", "{96A64B2E-D4B4-4D3D-9D50-B483B5D75FD3}"
EndProject
Project("{9A19103F-16F7-4668-BE54-9A1E7A4F7556}") = "PaddySe.Recipes.Data", "PaddySe.Recipes.Data\PaddySe.Recipes.Data.csproj", "{4313F5CC-A16A-49FC-B647-0AE0202CF489}"
EndProject
Project("{9A19103F-16F7-4668-BE54-9A1E7A4F7556}") = "PaddySe.Recipes.Domain", "PaddySe.Recipes.Domain\PaddySe.Recipes.Domain.csproj", "{65B6883D-BC0F-4EF8-AF08-07561BA0EF20}"
EndProject
Project("{2150E333-8FDC-42A3-9474-1A3956D46DE8}") = "Solution Items", "Solution Items", "{5DD69756-8DE3-49FE-949C-00D339802771}"
	ProjectSection(SolutionItems) = preProject
		.gitignore = .gitignore
		LICENSE = LICENSE
		nuget.config = nuget.config
		README.md = README.md
	EndProjectSection
EndProject
Global
	GlobalSection(SolutionConfigurationPlatforms) = preSolution
		Debug|Any CPU = Debug|Any CPU
		Release|Any CPU = Release|Any CPU
	EndGlobalSection
	GlobalSection(ProjectConfigurationPlatforms) = postSolution
		{96A64B2E-D4B4-4D3D-9D50-B483B5D75FD3}.Debug|Any CPU.ActiveCfg = Debug|Any CPU
		{96A64B2E-D4B4-4D3D-9D50-B483B5D75FD3}.Debug|Any CPU.Build.0 = Debug|Any CPU
		{96A64B2E-D4B4-4D3D-9D50-B483B5D75FD3}.Release|Any CPU.ActiveCfg = Release|Any CPU
		{96A64B2E-D4B4-4D3D-9D50-B483B5D75FD3}.Release|Any CPU.Build.0 = Release|Any CPU
		{4313F5CC-A16A-49FC-B647-0AE0202CF489}.Debug|Any CPU.ActiveCfg = Debug|Any CPU
		{4313F5CC-A16A-49FC-B647-0AE0202CF489}.Debug|Any CPU.Build.0 = Debug|Any CPU
		{4313F5CC-A16A-49FC-B647-0AE0202CF489}.Release|Any CPU.ActiveCfg = Release|Any CPU
		{4313F5CC-A16A-49FC-B647-0AE0202CF489}.Release|Any CPU.Build.0 = Release|Any CPU
		{65B6883D-BC0F-4EF8-AF08-07561BA0EF20}.Debug|Any CPU.ActiveCfg = Debug|Any CPU
		{65B6883D-BC0F-4EF8-AF08-07561BA0EF20}.Debug|Any CPU.Build.0 = Debug|Any CPU
		{65B6883D-BC0F-4EF8-AF08-07561BA0EF20}.Release|Any CPU.ActiveCfg = Release|Any CPU
		{65B6883D-BC0F-4EF8-AF08-07561BA0EF20}.Release|Any CPU.Build.0 = Release|Any CPU
	EndGlobalSection
	GlobalSection(SolutionProperties) = preSolution
		HideSolutionNode = FALSE
	EndGlobalSection
	GlobalSection(ExtensibilityGlobals) = postSolution
		SolutionGuid = {73FABA15-084E-462D-8D7A-D1A8C48E96ED}
	EndGlobalSection
EndGlobal
